
Microsoft Visual Studio Solution File, Format Version 12.00
# Visual Studio Version 16
VisualStudioVersion = 16.0.32106.194
MinimumVisualStudioVersion = 10.0.40219.1
Project("{FAE04EC0-301F-11D3-BF4B-00C04F79EFBC}") = "eTickets", "eTickets\eTickets.csproj", "{21FA8D28-849C-4EFD-BE8E-2B4734517BDB}"
EndProject
Global
	GlobalSection(SolutionConfigurationPlatforms) = preSolution
		Debug|Any CPU = Debug|Any CPU
		Release|Any CPU = Release|Any CPU
	EndGlobalSection
	GlobalSection(ProjectConfigurationPlatforms) = postSolution
		{21FA8D28-849C-4EFD-BE8E-2B4734517BDB}.Debug|Any CPU.ActiveCfg = Debug|Any CPU
		{21FA8D28-849C-4EFD-BE8E-2B4734517BDB}.Debug|Any CPU.Build.0 = Debug|Any CPU
		{21FA8D28-849C-4EFD-BE8E-2B4734517BDB}.Release|Any CPU.ActiveCfg = Release|Any CPU
		{21FA8D28-849C-4EFD-BE8E-2B4734517BDB}.Release|Any CPU.Build.0 = Release|Any CPU
	EndGlobalSection
	GlobalSection(SolutionProperties) = preSolution
		HideSolutionNode = FALSE
	EndGlobalSection
	GlobalSection(ExtensibilityGlobals) = postSolution
		SolutionGuid = {DCB2C0D4-8101-4427-9707-9FCEA3C94B68}
	EndGlobalSection
EndGlobal
